
Microsoft Visual Studio Solution File, Format Version 12.00
# Visual Studio 15
VisualStudioVersion = 15.0.26124.0
MinimumVisualStudioVersion = 15.0.26124.0
Project("{FAE04EC0-301F-11D3-BF4B-00C04F79EFBC}") = "MyClasslibrary", "MyClasslibrary\MyClasslibrary.csproj", "{5CD2355B-355F-41B9-9BC6-E2DD50649712}"
EndProject
Project("{FAE04EC0-301F-11D3-BF4B-00C04F79EFBC}") = "MyFirstConsoleApp", "MyFirstConsoleApp\MyFirstConsoleApp.csproj", "{8AE4D34E-FA56-46DB-AB03-9397A6C44737}"
EndProject
Global
	GlobalSection(SolutionConfigurationPlatforms) = preSolution
		Debug|Any CPU = Debug|Any CPU
		Debug|x64 = Debug|x64
		Debug|x86 = Debug|x86
		Release|Any CPU = Release|Any CPU
		Release|x64 = Release|x64
		Release|x86 = Release|x86
	EndGlobalSection
	GlobalSection(SolutionProperties) = preSolution
		HideSolutionNode = FALSE
	EndGlobalSection
	GlobalSection(ProjectConfigurationPlatforms) = postSolution
		{5CD2355B-355F-41B9-9BC6-E2DD50649712}.Debug|Any CPU.ActiveCfg = Debug|Any CPU
		{5CD2355B-355F-41B9-9BC6-E2DD50649712}.Debug|Any CPU.Build.0 = Debug|Any CPU
		{5CD2355B-355F-41B9-9BC6-E2DD50649712}.Debug|x64.ActiveCfg = Debug|Any CPU
		{5CD2355B-355F-41B9-9BC6-E2DD50649712}.Debug|x64.Build.0 = Debug|Any CPU
		{5CD2355B-355F-41B9-9BC6-E2DD50649712}.Debug|x86.ActiveCfg = Debug|Any CPU
		{5CD2355B-355F-41B9-9BC6-E2DD50649712}.Debug|x86.Build.0 = Debug|Any CPU
		{5CD2355B-355F-41B9-9BC6-E2DD50649712}.Release|Any CPU.ActiveCfg = Release|Any CPU
		{5CD2355B-355F-41B9-9BC6-E2DD50649712}.Release|Any CPU.Build.0 = Release|Any CPU
		{5CD2355B-355F-41B9-9BC6-E2DD50649712}.Release|x64.ActiveCfg = Release|Any CPU
		{5CD2355B-355F-41B9-9BC6-E2DD50649712}.Release|x64.Build.0 = Release|Any CPU
		{5CD2355B-355F-41B9-9BC6-E2DD50649712}.Release|x86.ActiveCfg = Release|Any CPU
		{5CD2355B-355F-41B9-9BC6-E2DD50649712}.Release|x86.Build.0 = Release|Any CPU
		{8AE4D34E-FA56-46DB-AB03-9397A6C44737}.Debug|Any CPU.ActiveCfg = Debug|Any CPU
		{8AE4D34E-FA56-46DB-AB03-9397A6C44737}.Debug|Any CPU.Build.0 = Debug|Any CPU
		{8AE4D34E-FA56-46DB-AB03-9397A6C44737}.Debug|x64.ActiveCfg = Debug|Any CPU
		{8AE4D34E-FA56-46DB-AB03-9397A6C44737}.Debug|x64.Build.0 = Debug|Any CPU
		{8AE4D34E-FA56-46DB-AB03-9397A6C44737}.Debug|x86.ActiveCfg = Debug|Any CPU
		{8AE4D34E-FA56-46DB-AB03-9397A6C44737}.Debug|x86.Build.0 = Debug|Any CPU
		{8AE4D34E-FA56-46DB-AB03-9397A6C44737}.Release|Any CPU.ActiveCfg = Release|Any CPU
		{8AE4D34E-FA56-46DB-AB03-9397A6C44737}.Release|Any CPU.Build.0 = Release|Any CPU
		{8AE4D34E-FA56-46DB-AB03-9397A6C44737}.Release|x64.ActiveCfg = Release|Any CPU
		{8AE4D34E-FA56-46DB-AB03-9397A6C44737}.Release|x64.Build.0 = Release|Any CPU
		{8AE4D34E-FA56-46DB-AB03-9397A6C44737}.Release|x86.ActiveCfg = Release|Any CPU
		{8AE4D34E-FA56-46DB-AB03-9397A6C44737}.Release|x86.Build.0 = Release|Any CPU
	EndGlobalSection
EndGlobal
